
Microsoft Visual Studio Solution File, Format Version 12.00
# Visual Studio Version 16
VisualStudioVersion = 16.0.29911.84
MinimumVisualStudioVersion = 10.0.40219.1
Project("{9A19103F-16F7-4668-BE54-9A1E7A4F7556}") = "HomeWeather", "API\HomeWeather.csproj", "{FEEBB8B7-ED61-4ECD-B9A0-88A35F169C25}"
EndProject
Project("{9A19103F-16F7-4668-BE54-9A1E7A4F7556}") = "HomeWeather.Data", "HomeWeather.Data\HomeWeather.Data.csproj", "{7A919AD8-67BA-42DF-A27E-26FDD0B704B0}"
EndProject
Project("{9A19103F-16F7-4668-BE54-9A1E7A4F7556}") = "HomeWeather.Domain", "HomeWeather.Domain\HomeWeather.Domain.csproj", "{21381DEE-7FF1-4408-8DBD-790BAB3A1F58}"
EndProject
Global
	GlobalSection(SolutionConfigurationPlatforms) = preSolution
		Debug|Any CPU = Debug|Any CPU
		Release|Any CPU = Release|Any CPU
	EndGlobalSection
	GlobalSection(ProjectConfigurationPlatforms) = postSolution
		{FEEBB8B7-ED61-4ECD-B9A0-88A35F169C25}.Debug|Any CPU.ActiveCfg = Debug|Any CPU
		{FEEBB8B7-ED61-4ECD-B9A0-88A35F169C25}.Debug|Any CPU.Build.0 = Debug|Any CPU
		{FEEBB8B7-ED61-4ECD-B9A0-88A35F169C25}.Release|Any CPU.ActiveCfg = Release|Any CPU
		{FEEBB8B7-ED61-4ECD-B9A0-88A35F169C25}.Release|Any CPU.Build.0 = Release|Any CPU
		{7A919AD8-67BA-42DF-A27E-26FDD0B704B0}.Debug|Any CPU.ActiveCfg = Debug|Any CPU
		{7A919AD8-67BA-42DF-A27E-26FDD0B704B0}.Debug|Any CPU.Build.0 = Debug|Any CPU
		{7A919AD8-67BA-42DF-A27E-26FDD0B704B0}.Release|Any CPU.ActiveCfg = Release|Any CPU
		{7A919AD8-67BA-42DF-A27E-26FDD0B704B0}.Release|Any CPU.Build.0 = Release|Any CPU
		{21381DEE-7FF1-4408-8DBD-790BAB3A1F58}.Debug|Any CPU.ActiveCfg = Debug|Any CPU
		{21381DEE-7FF1-4408-8DBD-790BAB3A1F58}.Debug|Any CPU.Build.0 = Debug|Any CPU
		{21381DEE-7FF1-4408-8DBD-790BAB3A1F58}.Release|Any CPU.ActiveCfg = Release|Any CPU
		{21381DEE-7FF1-4408-8DBD-790BAB3A1F58}.Release|Any CPU.Build.0 = Release|Any CPU
	EndGlobalSection
	GlobalSection(SolutionProperties) = preSolution
		HideSolutionNode = FALSE
	EndGlobalSection
	GlobalSection(ExtensibilityGlobals) = postSolution
		SolutionGuid = {82F03308-1690-4A48-A405-509CE2842AA3}
	EndGlobalSection
EndGlobal
