
Microsoft Visual Studio Solution File, Format Version 12.00
# Visual Studio Version 16
VisualStudioVersion = 16.0.29911.84
MinimumVisualStudioVersion = 10.0.40219.1
Project("{9A19103F-16F7-4668-BE54-9A1E7A4F7556}") = "HomeWeather", "HomeWeather.csproj", "{BA184D5A-87C1-452B-A0BD-3C6A5D55BC36}"
EndProject
Global
	GlobalSection(SolutionConfigurationPlatforms) = preSolution
		Debug|Any CPU = Debug|Any CPU
		Release|Any CPU = Release|Any CPU
	EndGlobalSection
	GlobalSection(ProjectConfigurationPlatforms) = postSolution
		{BA184D5A-87C1-452B-A0BD-3C6A5D55BC36}.Debug|Any CPU.ActiveCfg = Debug|Any CPU
		{BA184D5A-87C1-452B-A0BD-3C6A5D55BC36}.Debug|Any CPU.Build.0 = Debug|Any CPU
		{BA184D5A-87C1-452B-A0BD-3C6A5D55BC36}.Release|Any CPU.ActiveCfg = Release|Any CPU
		{BA184D5A-87C1-452B-A0BD-3C6A5D55BC36}.Release|Any CPU.Build.0 = Release|Any CPU
	EndGlobalSection
	GlobalSection(SolutionProperties) = preSolution
		HideSolutionNode = FALSE
	EndGlobalSection
	GlobalSection(ExtensibilityGlobals) = postSolution
		SolutionGuid = {82F03308-1690-4A48-A405-509CE2842AA3}
	EndGlobalSection
EndGlobal
